
Microsoft Visual Studio Solution File, Format Version 12.00
# Visual Studio Version 16
VisualStudioVersion = 16.0.30621.155
MinimumVisualStudioVersion = 10.0.40219.1
Project("{FAE04EC0-301F-11D3-BF4B-00C04F79EFBC}") = "Tarea2P3", "Tarea2P3\Tarea2P3.csproj", "{40E7AAEE-FFE5-4C76-A5CD-48E73842CF0C}"
EndProject
Project("{FAE04EC0-301F-11D3-BF4B-00C04F79EFBC}") = "GestionRestaurante", "GestionRestaurante\GestionRestaurante.csproj", "{DEAE65C0-CF3F-4C01-9D8A-DA0F8A98382B}"
EndProject
Global
	GlobalSection(SolutionConfigurationPlatforms) = preSolution
		Debug|Any CPU = Debug|Any CPU
		Release|Any CPU = Release|Any CPU
	EndGlobalSection
	GlobalSection(ProjectConfigurationPlatforms) = postSolution
		{40E7AAEE-FFE5-4C76-A5CD-48E73842CF0C}.Debug|Any CPU.ActiveCfg = Debug|Any CPU
		{40E7AAEE-FFE5-4C76-A5CD-48E73842CF0C}.Debug|Any CPU.Build.0 = Debug|Any CPU
		{40E7AAEE-FFE5-4C76-A5CD-48E73842CF0C}.Release|Any CPU.ActiveCfg = Release|Any CPU
		{40E7AAEE-FFE5-4C76-A5CD-48E73842CF0C}.Release|Any CPU.Build.0 = Release|Any CPU
		{DEAE65C0-CF3F-4C01-9D8A-DA0F8A98382B}.Debug|Any CPU.ActiveCfg = Debug|Any CPU
		{DEAE65C0-CF3F-4C01-9D8A-DA0F8A98382B}.Debug|Any CPU.Build.0 = Debug|Any CPU
		{DEAE65C0-CF3F-4C01-9D8A-DA0F8A98382B}.Release|Any CPU.ActiveCfg = Release|Any CPU
		{DEAE65C0-CF3F-4C01-9D8A-DA0F8A98382B}.Release|Any CPU.Build.0 = Release|Any CPU
	EndGlobalSection
	GlobalSection(SolutionProperties) = preSolution
		HideSolutionNode = FALSE
	EndGlobalSection
	GlobalSection(ExtensibilityGlobals) = postSolution
		SolutionGuid = {54266A74-EB29-4915-9870-AAF5FA461163}
	EndGlobalSection
EndGlobal
